
Microsoft Visual Studio Solution File, Format Version 12.00
# Visual Studio Version 16
VisualStudioVersion = 16.0.31729.503
MinimumVisualStudioVersion = 10.0.40219.1
Project("{9A19103F-16F7-4668-BE54-9A1E7A4F7556}") = "Presentation", "Presentation.csproj", "{A0F1AAC1-288A-4E24-B736-D5823569E77F}"
EndProject
Project("{9A19103F-16F7-4668-BE54-9A1E7A4F7556}") = "Infrastructure", "..\Infrastructure\Infrastructure.csproj", "{B6E85F42-FF47-4645-8CBC-91586C0666AA}"
EndProject
Project("{9A19103F-16F7-4668-BE54-9A1E7A4F7556}") = "Core", "..\Core\Core.csproj", "{813669AB-48D1-43FE-98F8-ED8611219DB0}"
EndProject
Project("{FAE04EC0-301F-11D3-BF4B-00C04F79EFBC}") = "UnitTesting", "..\UnitTesting\UnitTesting.csproj", "{A7DB4BF5-CE87-4232-B0E3-5FCB37A4B704}"
EndProject
Global
	GlobalSection(SolutionConfigurationPlatforms) = preSolution
		Debug|Any CPU = Debug|Any CPU
		Release|Any CPU = Release|Any CPU
	EndGlobalSection
	GlobalSection(ProjectConfigurationPlatforms) = postSolution
		{A0F1AAC1-288A-4E24-B736-D5823569E77F}.Debug|Any CPU.ActiveCfg = Debug|Any CPU
		{A0F1AAC1-288A-4E24-B736-D5823569E77F}.Debug|Any CPU.Build.0 = Debug|Any CPU
		{A0F1AAC1-288A-4E24-B736-D5823569E77F}.Release|Any CPU.ActiveCfg = Release|Any CPU
		{A0F1AAC1-288A-4E24-B736-D5823569E77F}.Release|Any CPU.Build.0 = Release|Any CPU
		{B6E85F42-FF47-4645-8CBC-91586C0666AA}.Debug|Any CPU.ActiveCfg = Debug|Any CPU
		{B6E85F42-FF47-4645-8CBC-91586C0666AA}.Debug|Any CPU.Build.0 = Debug|Any CPU
		{B6E85F42-FF47-4645-8CBC-91586C0666AA}.Release|Any CPU.ActiveCfg = Release|Any CPU
		{B6E85F42-FF47-4645-8CBC-91586C0666AA}.Release|Any CPU.Build.0 = Release|Any CPU
		{813669AB-48D1-43FE-98F8-ED8611219DB0}.Debug|Any CPU.ActiveCfg = Debug|Any CPU
		{813669AB-48D1-43FE-98F8-ED8611219DB0}.Debug|Any CPU.Build.0 = Debug|Any CPU
		{813669AB-48D1-43FE-98F8-ED8611219DB0}.Release|Any CPU.ActiveCfg = Release|Any CPU
		{813669AB-48D1-43FE-98F8-ED8611219DB0}.Release|Any CPU.Build.0 = Release|Any CPU
		{A7DB4BF5-CE87-4232-B0E3-5FCB37A4B704}.Debug|Any CPU.ActiveCfg = Debug|Any CPU
		{A7DB4BF5-CE87-4232-B0E3-5FCB37A4B704}.Debug|Any CPU.Build.0 = Debug|Any CPU
		{A7DB4BF5-CE87-4232-B0E3-5FCB37A4B704}.Release|Any CPU.ActiveCfg = Release|Any CPU
		{A7DB4BF5-CE87-4232-B0E3-5FCB37A4B704}.Release|Any CPU.Build.0 = Release|Any CPU
	EndGlobalSection
	GlobalSection(SolutionProperties) = preSolution
		HideSolutionNode = FALSE
	EndGlobalSection
	GlobalSection(ExtensibilityGlobals) = postSolution
		SolutionGuid = {40195D89-786B-415E-960C-60674E8F0310}
	EndGlobalSection
EndGlobal
